// !$*UTF8*$!
{
	archiveVersion = 1;
	classes = {
	};
	objectVersion = 46;
	objects = {

/* Begin PBXBuildFile section */
		78944C2C1E9931900060D222 /* main.cpp in Sources */ = {isa = PBXBuildFile; fileRef = 78944C261E9931900060D222 /* main.cpp */; };
		78944C2D1E9931900060D222 /* tools.cpp in Sources */ = {isa = PBXBuildFile; fileRef = 78944C281E9931900060D222 /* tools.cpp */; };
		78944C2E1E9931900060D222 /* ukf.cpp in Sources */ = {isa = PBXBuildFile; fileRef = 78944C2A1E9931900060D222 /* ukf.cpp */; };
/* End PBXBuildFile section */

/* Begin PBXCopyFilesBuildPhase section */
		78944AAE1E992FA30060D222 /* CopyFiles */ = {
			isa = PBXCopyFilesBuildPhase;
			buildActionMask = 2147483647;
			dstPath = /usr/share/man/man1/;
			dstSubfolderSpec = 0;
			files = (
			);
			runOnlyForDeploymentPostprocessing = 1;
		};
/* End PBXCopyFilesBuildPhase section */

/* Begin PBXFileReference section */
		78944AB01E992FA30060D222 /* UKF_XCode */ = {isa = PBXFileReference; explicitFileType = "compiled.mach-o.executable"; includeInIndex = 0; path = UKF_XCode; sourceTree = BUILT_PRODUCTS_DIR; };
		78944C251E9931900060D222 /* ground_truth_package.h */ = {isa = PBXFileReference; fileEncoding = 4; lastKnownFileType = sourcecode.c.h; path = ground_truth_package.h; sourceTree = "<group>"; };
		78944C261E9931900060D222 /* main.cpp */ = {isa = PBXFileReference; fileEncoding = 4; lastKnownFileType = sourcecode.cpp.cpp; path = main.cpp; sourceTree = "<group>"; };
		78944C271E9931900060D222 /* measurement_package.h */ = {isa = PBXFileReference; fileEncoding = 4; lastKnownFileType = sourcecode.c.h; path = measurement_package.h; sourceTree = "<group>"; };
		78944C281E9931900060D222 /* tools.cpp */ = {isa = PBXFileReference; fileEncoding = 4; lastKnownFileType = sourcecode.cpp.cpp; path = tools.cpp; sourceTree = "<group>"; };
		78944C291E9931900060D222 /* tools.h */ = {isa = PBXFileReference; fileEncoding = 4; lastKnownFileType = sourcecode.c.h; path = tools.h; sourceTree = "<group>"; };
		78944C2A1E9931900060D222 /* ukf.cpp */ = {isa = PBXFileReference; fileEncoding = 4; lastKnownFileType = sourcecode.cpp.cpp; path = ukf.cpp; sourceTree = "<group>"; };
		78944C2B1E9931900060D222 /* ukf.h */ = {isa = PBXFileReference; fileEncoding = 4; lastKnownFileType = sourcecode.c.h; path = ukf.h; sourceTree = "<group>"; };
/* End PBXFileReference section */

/* Begin PBXFrameworksBuildPhase section */
		78944AAD1E992FA30060D222 /* Frameworks */ = {
			isa = PBXFrameworksBuildPhase;
			buildActionMask = 2147483647;
			files = (
			);
			runOnlyForDeploymentPostprocessing = 0;
		};
/* End PBXFrameworksBuildPhase section */

/* Begin PBXGroup section */
		78944AA71E992FA30060D222 = {
			isa = PBXGroup;
			children = (
				78944ABA1E9931900060D222 /* src */,
				78944AB11E992FA30060D222 /* Products */,
			);
			sourceTree = "<group>";
		};
		78944AB11E992FA30060D222 /* Products */ = {
			isa = PBXGroup;
			children = (
				78944AB01E992FA30060D222 /* UKF_XCode */,
			);
			name = Products;
			sourceTree = "<group>";
		};
		78944ABA1E9931900060D222 /* src */ = {
			isa = PBXGroup;
			children = (
				78944C251E9931900060D222 /* ground_truth_package.h */,
				78944C261E9931900060D222 /* main.cpp */,
				78944C271E9931900060D222 /* measurement_package.h */,
				78944C281E9931900060D222 /* tools.cpp */,
				78944C291E9931900060D222 /* tools.h */,
				78944C2A1E9931900060D222 /* ukf.cpp */,
				78944C2B1E9931900060D222 /* ukf.h */,
			);
			name = src;
			path = ../src;
			sourceTree = "<group>";
		};
/* End PBXGroup section */

/* Begin PBXNativeTarget section */
		78944AAF1E992FA30060D222 /* UKF_XCode */ = {
			isa = PBXNativeTarget;
			buildConfigurationList = 78944AB71E992FA30060D222 /* Build configuration list for PBXNativeTarget "UKF_XCode" */;
			buildPhases = (
				78944AAC1E992FA30060D222 /* Sources */,
				78944AAD1E992FA30060D222 /* Frameworks */,
				78944AAE1E992FA30060D222 /* CopyFiles */,
			);
			buildRules = (
			);
			dependencies = (
			);
			name = UKF_XCode;
			productName = UKF_XCode;
			productReference = 78944AB01E992FA30060D222 /* UKF_XCode */;
			productType = "com.apple.product-type.tool";
		};
/* End PBXNativeTarget section */

/* Begin PBXProject section */
		78944AA81E992FA30060D222 /* Project object */ = {
			isa = PBXProject;
			attributes = {
				LastUpgradeCheck = 0830;
				ORGANIZATIONNAME = "DComplex, LLC";
				TargetAttributes = {
					78944AAF1E992FA30060D222 = {
						CreatedOnToolsVersion = 8.3.1;
						DevelopmentTeam = MG2QJF3Y75;
						ProvisioningStyle = Automatic;
					};
				};
			};
			buildConfigurationList = 78944AAB1E992FA30060D222 /* Build configuration list for PBXProject "UKF_XCode" */;
			compatibilityVersion = "Xcode 3.2";
			developmentRegion = English;
			hasScannedForEncodings = 0;
			knownRegions = (
				en,
			);
			mainGroup = 78944AA71E992FA30060D222;
			productRefGroup = 78944AB11E992FA30060D222 /* Products */;
			projectDirPath = "";
			projectRoot = "";
			targets = (
				78944AAF1E992FA30060D222 /* UKF_XCode */,
			);
		};
/* End PBXProject section */

/* Begin PBXSourcesBuildPhase section */
		78944AAC1E992FA30060D222 /* Sources */ = {
			isa = PBXSourcesBuildPhase;
			buildActionMask = 2147483647;
			files = (
				78944C2C1E9931900060D222 /* main.cpp in Sources */,
				78944C2E1E9931900060D222 /* ukf.cpp in Sources */,
				78944C2D1E9931900060D222 /* tools.cpp in Sources */,
			);
			runOnlyForDeploymentPostprocessing = 0;
		};
/* End PBXSourcesBuildPhase section */

/* Begin XCBuildConfiguration section */
		78944AB51E992FA30060D222 /* Debug */ = {
			isa = XCBuildConfiguration;
			buildSettings = {
				ALWAYS_SEARCH_USER_PATHS = NO;
				CLANG_ANALYZER_NONNULL = YES;
				CLANG_ANALYZER_NUMBER_OBJECT_CONVERSION = YES_AGGRESSIVE;
				CLANG_CXX_LANGUAGE_STANDARD = "gnu++0x";
				CLANG_CXX_LIBRARY = "libc++";
				CLANG_ENABLE_MODULES = YES;
				CLANG_ENABLE_OBJC_ARC = YES;
				CLANG_WARN_BOOL_CONVERSION = YES;
				CLANG_WARN_CONSTANT_CONVERSION = YES;
				CLANG_WARN_DIRECT_OBJC_ISA_USAGE = YES_ERROR;
				CLANG_WARN_DOCUMENTATION_COMMENTS = YES;
				CLANG_WARN_EMPTY_BODY = YES;
				CLANG_WARN_ENUM_CONVERSION = YES;
				CLANG_WARN_INFINITE_RECURSION = YES;
				CLANG_WARN_INT_CONVERSION = YES;
				CLANG_WARN_OBJC_ROOT_CLASS = YES_ERROR;
				CLANG_WARN_SUSPICIOUS_MOVE = YES;
				CLANG_WARN_UNREACHABLE_CODE = YES;
				CLANG_WARN__DUPLICATE_METHOD_MATCH = YES;
				CODE_SIGN_IDENTITY = "-";
				COPY_PHASE_STRIP = NO;
				DEBUG_INFORMATION_FORMAT = dwarf;
				ENABLE_STRICT_OBJC_MSGSEND = YES;
				ENABLE_TESTABILITY = YES;
				GCC_C_LANGUAGE_STANDARD = gnu99;
				GCC_DYNAMIC_NO_PIC = NO;
				GCC_NO_COMMON_BLOCKS = YES;
				GCC_OPTIMIZATION_LEVEL = 0;
				GCC_PREPROCESSOR_DEFINITIONS = (
					"DEBUG=1",
					"$(inherited)",
				);
				GCC_WARN_64_TO_32_BIT_CONVERSION = YES;
				GCC_WARN_ABOUT_RETURN_TYPE = YES_ERROR;
				GCC_WARN_UNDECLARED_SELECTOR = YES;
				GCC_WARN_UNINITIALIZED_AUTOS = YES_AGGRESSIVE;
				GCC_WARN_UNUSED_FUNCTION = YES;
				GCC_WARN_UNUSED_VARIABLE = YES;
				HEADER_SEARCH_PATHS = "~/dev/3rd";
				MACOSX_DEPLOYMENT_TARGET = 10.12;
				MTL_ENABLE_DEBUG_INFO = YES;
				ONLY_ACTIVE_ARCH = YES;
				SDKROOT = macosx;
			};
			name = Debug;
		};
		78944AB61E992FA30060D222 /* Release */ = {
			isa = XCBuildConfiguration;
			buildSettings = {
				ALWAYS_SEARCH_USER_PATHS = NO;
				CLANG_ANALYZER_NONNULL = YES;
				CLANG_ANALYZER_NUMBER_OBJECT_CONVERSION = YES_AGGRESSIVE;
				CLANG_CXX_LANGUAGE_STANDARD = "gnu++0x";
				CLANG_CXX_LIBRARY = "libc++";
				CLANG_ENABLE_MODULES = YES;
				CLANG_ENABLE_OBJC_ARC = YES;
				CLANG_WARN_BOOL_CONVERSION = YES;
				CLANG_WARN_CONSTANT_CONVERSION = YES;
				CLANG_WARN_DIRECT_OBJC_ISA_USAGE = YES_ERROR;
				CLANG_WARN_DOCUMENTATION_COMMENTS = YES;
				CLANG_WARN_EMPTY_BODY = YES;
				CLANG_WARN_ENUM_CONVERSION = YES;
				CLANG_WARN_INFINITE_RECURSION = YES;
				CLANG_WARN_INT_CONVERSION = YES;
				CLANG_WARN_OBJC_ROOT_CLASS = YES_ERROR;
				CLANG_WARN_SUSPICIOUS_MOVE = YES;
				CLANG_WARN_UNREACHABLE_CODE = YES;
				CLANG_WARN__DUPLICATE_METHOD_MATCH = YES;
				CODE_SIGN_IDENTITY = "-";
				COPY_PHASE_STRIP = NO;
				DEBUG_INFORMATION_FORMAT = "dwarf-with-dsym";
				ENABLE_NS_ASSERTIONS = NO;
				ENABLE_STRICT_OBJC_MSGSEND = YES;
				GCC_C_LANGUAGE_STANDARD = gnu99;
				GCC_NO_COMMON_BLOCKS = YES;
				GCC_WARN_64_TO_32_BIT_CONVERSION = YES;
				GCC_WARN_ABOUT_RETURN_TYPE = YES_ERROR;
				GCC_WARN_UNDECLARED_SELECTOR = YES;
				GCC_WARN_UNINITIALIZED_AUTOS = YES_AGGRESSIVE;
				GCC_WARN_UNUSED_FUNCTION = YES;
				GCC_WARN_UNUSED_VARIABLE = YES;
				HEADER_SEARCH_PATHS = "~/dev/3rd";
				MACOSX_DEPLOYMENT_TARGET = 10.12;
				MTL_ENABLE_DEBUG_INFO = NO;
				SDKROOT = macosx;
			};
			name = Release;
		};
		78944AB81E992FA30060D222 /* Debug */ = {
			isa = XCBuildConfiguration;
			buildSettings = {
				DEVELOPMENT_TEAM = MG2QJF3Y75;
				PRODUCT_NAME = "$(TARGET_NAME)";
			};
			name = Debug;
		};
		78944AB91E992FA30060D222 /* Release */ = {
			isa = XCBuildConfiguration;
			buildSettings = {
				DEVELOPMENT_TEAM = MG2QJF3Y75;
				PRODUCT_NAME = "$(TARGET_NAME)";
			};
			name = Release;
		};
/* End XCBuildConfiguration section */

/* Begin XCConfigurationList section */
		78944AAB1E992FA30060D222 /* Build configuration list for PBXProject "UKF_XCode" */ = {
			isa = XCConfigurationList;
			buildConfigurations = (
				78944AB51E992FA30060D222 /* Debug */,
				78944AB61E992FA30060D222 /* Release */,
			);
			defaultConfigurationIsVisible = 0;
			defaultConfigurationName = Release;
		};
		78944AB71E992FA30060D222 /* Build configuration list for PBXNativeTarget "UKF_XCode" */ = {
			isa = XCConfigurationList;
			buildConfigurations = (
				78944AB81E992FA30060D222 /* Debug */,
				78944AB91E992FA30060D222 /* Release */,
			);
			defaultConfigurationIsVisible = 0;
		};
/* End XCConfigurationList section */
	};
	rootObject = 78944AA81E992FA30060D222 /* Project object */;
}
